
Microsoft Visual Studio Solution File, Format Version 12.00
# Visual Studio 15
VisualStudioVersion = 15.0.27428.2002
MinimumVisualStudioVersion = 10.0.40219.1
Project("{9A19103F-16F7-4668-BE54-9A1E7A4F7556}") = "LiteMessage.Core", "LiteMessage.Core\LiteMessage.Core.csproj", "{78B71AD9-6643-4796-8D0D-B530B82CC617}"
EndProject
Project("{9A19103F-16F7-4668-BE54-9A1E7A4F7556}") = "LiteMessage.Stores.LiteDb", "LiteMessage.Store\LiteMessage.Stores.LiteDb.csproj", "{31D4D1E2-8B17-4A23-A939-C10F04A8ABBB}"
EndProject
Project("{9A19103F-16F7-4668-BE54-9A1E7A4F7556}") = "LiteMessage.Web", "LiteMessage.Web\LiteMessage.Web.csproj", "{6571DC78-D9B8-4DA4-ABD3-46D25E50E5EC}"
EndProject
Project("{FAE04EC0-301F-11D3-BF4B-00C04F79EFBC}") = "LiteMessage.Client", "LiteMessage.Client\LiteMessage.Client.csproj", "{535D8186-50C1-4B4B-8263-4E4BE3DC94F3}"
EndProject
Project("{FAE04EC0-301F-11D3-BF4B-00C04F79EFBC}") = "XUnitTestProject1", "XUnitTestProject1\XUnitTestProject1.csproj", "{A03A82CA-82BB-4A8E-AC11-C67D097E33A2}"
EndProject
Global
	GlobalSection(SolutionConfigurationPlatforms) = preSolution
		Debug|Any CPU = Debug|Any CPU
		Release|Any CPU = Release|Any CPU
	EndGlobalSection
	GlobalSection(ProjectConfigurationPlatforms) = postSolution
		{78B71AD9-6643-4796-8D0D-B530B82CC617}.Debug|Any CPU.ActiveCfg = Debug|Any CPU
		{78B71AD9-6643-4796-8D0D-B530B82CC617}.Debug|Any CPU.Build.0 = Debug|Any CPU
		{78B71AD9-6643-4796-8D0D-B530B82CC617}.Release|Any CPU.ActiveCfg = Release|Any CPU
		{78B71AD9-6643-4796-8D0D-B530B82CC617}.Release|Any CPU.Build.0 = Release|Any CPU
		{31D4D1E2-8B17-4A23-A939-C10F04A8ABBB}.Debug|Any CPU.ActiveCfg = Debug|Any CPU
		{31D4D1E2-8B17-4A23-A939-C10F04A8ABBB}.Debug|Any CPU.Build.0 = Debug|Any CPU
		{31D4D1E2-8B17-4A23-A939-C10F04A8ABBB}.Release|Any CPU.ActiveCfg = Release|Any CPU
		{31D4D1E2-8B17-4A23-A939-C10F04A8ABBB}.Release|Any CPU.Build.0 = Release|Any CPU
		{6571DC78-D9B8-4DA4-ABD3-46D25E50E5EC}.Debug|Any CPU.ActiveCfg = Debug|Any CPU
		{6571DC78-D9B8-4DA4-ABD3-46D25E50E5EC}.Debug|Any CPU.Build.0 = Debug|Any CPU
		{6571DC78-D9B8-4DA4-ABD3-46D25E50E5EC}.Release|Any CPU.ActiveCfg = Release|Any CPU
		{6571DC78-D9B8-4DA4-ABD3-46D25E50E5EC}.Release|Any CPU.Build.0 = Release|Any CPU
		{535D8186-50C1-4B4B-8263-4E4BE3DC94F3}.Debug|Any CPU.ActiveCfg = Debug|Any CPU
		{535D8186-50C1-4B4B-8263-4E4BE3DC94F3}.Debug|Any CPU.Build.0 = Debug|Any CPU
		{535D8186-50C1-4B4B-8263-4E4BE3DC94F3}.Release|Any CPU.ActiveCfg = Release|Any CPU
		{535D8186-50C1-4B4B-8263-4E4BE3DC94F3}.Release|Any CPU.Build.0 = Release|Any CPU
		{A03A82CA-82BB-4A8E-AC11-C67D097E33A2}.Debug|Any CPU.ActiveCfg = Debug|Any CPU
		{A03A82CA-82BB-4A8E-AC11-C67D097E33A2}.Debug|Any CPU.Build.0 = Debug|Any CPU
		{A03A82CA-82BB-4A8E-AC11-C67D097E33A2}.Release|Any CPU.ActiveCfg = Release|Any CPU
		{A03A82CA-82BB-4A8E-AC11-C67D097E33A2}.Release|Any CPU.Build.0 = Release|Any CPU
	EndGlobalSection
	GlobalSection(SolutionProperties) = preSolution
		HideSolutionNode = FALSE
	EndGlobalSection
	GlobalSection(ExtensibilityGlobals) = postSolution
		SolutionGuid = {1F56DC6A-D4D4-48F5-A01D-FC996486913A}
	EndGlobalSection
EndGlobal
